
Microsoft Visual Studio Solution File, Format Version 12.00
# Visual Studio Version 16
VisualStudioVersion = 16.0.28407.52
MinimumVisualStudioVersion = 10.0.40219.1
Project("{9A19103F-16F7-4668-BE54-9A1E7A4F7556}") = "ManimumCD", "ManimumCD\ManimumCD.csproj", "{032B7943-D947-4FEA-9AFA-4C5E1D5882C1}"
EndProject
Global
	GlobalSection(SolutionConfigurationPlatforms) = preSolution
		Debug|Any CPU = Debug|Any CPU
		Release|Any CPU = Release|Any CPU
	EndGlobalSection
	GlobalSection(ProjectConfigurationPlatforms) = postSolution
		{032B7943-D947-4FEA-9AFA-4C5E1D5882C1}.Debug|Any CPU.ActiveCfg = Debug|Any CPU
		{032B7943-D947-4FEA-9AFA-4C5E1D5882C1}.Debug|Any CPU.Build.0 = Debug|Any CPU
		{032B7943-D947-4FEA-9AFA-4C5E1D5882C1}.Release|Any CPU.ActiveCfg = Release|Any CPU
		{032B7943-D947-4FEA-9AFA-4C5E1D5882C1}.Release|Any CPU.Build.0 = Release|Any CPU
	EndGlobalSection
	GlobalSection(SolutionProperties) = preSolution
		HideSolutionNode = FALSE
	EndGlobalSection
	GlobalSection(ExtensibilityGlobals) = postSolution
		SolutionGuid = {9D78E0DB-D2E7-4F3A-9117-DAC7364EA27F}
	EndGlobalSection
EndGlobal
